
Microsoft Visual Studio Solution File, Format Version 12.00
# Visual Studio Version 17
VisualStudioVersion = 17.4.33403.182
MinimumVisualStudioVersion = 10.0.40219.1
Project("{9A19103F-16F7-4668-BE54-9A1E7A4F7556}") = "API", "API\API.csproj", "{10E178A0-6B53-43F4-BCDA-42C92D641A74}"
EndProject
Project("{FAE04EC0-301F-11D3-BF4B-00C04F79EFBC}") = "Infrastructure", "..\Infrastructure\Infrastructure.csproj", "{7BF892F5-8188-4062-A68A-40486F212194}"
EndProject
Project("{FAE04EC0-301F-11D3-BF4B-00C04F79EFBC}") = "Core", "Core\Core.csproj", "{53761419-750B-4B3C-BD69-5F5F9134FE9E}"
EndProject
Global
	GlobalSection(SolutionConfigurationPlatforms) = preSolution
		Debug|Any CPU = Debug|Any CPU
		Release|Any CPU = Release|Any CPU
	EndGlobalSection
	GlobalSection(ProjectConfigurationPlatforms) = postSolution
		{10E178A0-6B53-43F4-BCDA-42C92D641A74}.Debug|Any CPU.ActiveCfg = Debug|Any CPU
		{10E178A0-6B53-43F4-BCDA-42C92D641A74}.Debug|Any CPU.Build.0 = Debug|Any CPU
		{10E178A0-6B53-43F4-BCDA-42C92D641A74}.Release|Any CPU.ActiveCfg = Release|Any CPU
		{10E178A0-6B53-43F4-BCDA-42C92D641A74}.Release|Any CPU.Build.0 = Release|Any CPU
		{7BF892F5-8188-4062-A68A-40486F212194}.Debug|Any CPU.ActiveCfg = Debug|Any CPU
		{7BF892F5-8188-4062-A68A-40486F212194}.Debug|Any CPU.Build.0 = Debug|Any CPU
		{7BF892F5-8188-4062-A68A-40486F212194}.Release|Any CPU.ActiveCfg = Release|Any CPU
		{7BF892F5-8188-4062-A68A-40486F212194}.Release|Any CPU.Build.0 = Release|Any CPU
		{53761419-750B-4B3C-BD69-5F5F9134FE9E}.Debug|Any CPU.ActiveCfg = Debug|Any CPU
		{53761419-750B-4B3C-BD69-5F5F9134FE9E}.Debug|Any CPU.Build.0 = Debug|Any CPU
		{53761419-750B-4B3C-BD69-5F5F9134FE9E}.Release|Any CPU.ActiveCfg = Release|Any CPU
		{53761419-750B-4B3C-BD69-5F5F9134FE9E}.Release|Any CPU.Build.0 = Release|Any CPU
	EndGlobalSection
	GlobalSection(SolutionProperties) = preSolution
		HideSolutionNode = FALSE
	EndGlobalSection
	GlobalSection(ExtensibilityGlobals) = postSolution
		SolutionGuid = {498D775F-5982-43BE-B367-A33A063D4A85}
	EndGlobalSection
EndGlobal
